
Microsoft Visual Studio Solution File, Format Version 12.00
# Visual Studio Version 16
VisualStudioVersion = 16.0.29319.158
MinimumVisualStudioVersion = 10.0.40219.1
Project("{9A19103F-16F7-4668-BE54-9A1E7A4F7556}") = "SW.PrimitiveTypes", "SW.PrimitiveTypes\SW.PrimitiveTypes.csproj", "{7A365BC8-90FE-4791-B528-BF60B2B12390}"
EndProject
Project("{9A19103F-16F7-4668-BE54-9A1E7A4F7556}") = "SW.PrimitiveTypes.Util1", "SW.PrimitiveTypes.Util1\SW.PrimitiveTypes.Util1.csproj", "{90067289-4F45-4FC6-A057-D3F40407B36B}"
EndProject
Project("{9A19103F-16F7-4668-BE54-9A1E7A4F7556}") = "SW.PrimitiveTypes.UnitTests", "SW.PrimitiveTypes.UnitTests\SW.PrimitiveTypes.UnitTests.csproj", "{CF3C2102-EC94-419C-A65C-013E13042A97}"
EndProject
Project("{2150E333-8FDC-42A3-9474-1A3956D46DE8}") = "Solution Items", "Solution Items", "{F08DC13B-98FD-4F4F-B660-F301423D216B}"
	ProjectSection(SolutionItems) = preProject
		azure-pipelines.yml = azure-pipelines.yml
		README.md = README.md
	EndProjectSection
EndProject
Global
	GlobalSection(SolutionConfigurationPlatforms) = preSolution
		Debug|Any CPU = Debug|Any CPU
		Release|Any CPU = Release|Any CPU
	EndGlobalSection
	GlobalSection(ProjectConfigurationPlatforms) = postSolution
		{7A365BC8-90FE-4791-B528-BF60B2B12390}.Debug|Any CPU.ActiveCfg = Debug|Any CPU
		{7A365BC8-90FE-4791-B528-BF60B2B12390}.Debug|Any CPU.Build.0 = Debug|Any CPU
		{7A365BC8-90FE-4791-B528-BF60B2B12390}.Release|Any CPU.ActiveCfg = Release|Any CPU
		{7A365BC8-90FE-4791-B528-BF60B2B12390}.Release|Any CPU.Build.0 = Release|Any CPU
		{90067289-4F45-4FC6-A057-D3F40407B36B}.Debug|Any CPU.ActiveCfg = Debug|Any CPU
		{90067289-4F45-4FC6-A057-D3F40407B36B}.Debug|Any CPU.Build.0 = Debug|Any CPU
		{90067289-4F45-4FC6-A057-D3F40407B36B}.Release|Any CPU.ActiveCfg = Release|Any CPU
		{90067289-4F45-4FC6-A057-D3F40407B36B}.Release|Any CPU.Build.0 = Release|Any CPU
		{CF3C2102-EC94-419C-A65C-013E13042A97}.Debug|Any CPU.ActiveCfg = Debug|Any CPU
		{CF3C2102-EC94-419C-A65C-013E13042A97}.Debug|Any CPU.Build.0 = Debug|Any CPU
		{CF3C2102-EC94-419C-A65C-013E13042A97}.Release|Any CPU.ActiveCfg = Release|Any CPU
		{CF3C2102-EC94-419C-A65C-013E13042A97}.Release|Any CPU.Build.0 = Release|Any CPU
	EndGlobalSection
	GlobalSection(SolutionProperties) = preSolution
		HideSolutionNode = FALSE
	EndGlobalSection
	GlobalSection(ExtensibilityGlobals) = postSolution
		SolutionGuid = {8B30489A-6231-4E1D-A556-68FE23ECB794}
	EndGlobalSection
EndGlobal
